
Microsoft Visual Studio Solution File, Format Version 12.00
# Visual Studio 2013
VisualStudioVersion = 12.0.31101.0
MinimumVisualStudioVersion = 10.0.40219.1
Project("{FAE04EC0-301F-11D3-BF4B-00C04F79EFBC}") = "PricingQuery.Web", "PricingQuery.Web\PricingQuery.Web.csproj", "{F90006A7-6EBC-4DDE-99A8-162D86D06BCF}"
EndProject
Project("{FAE04EC0-301F-11D3-BF4B-00C04F79EFBC}") = "PricingQuery.Web.Tests", "PricingQuery.Web.Tests\PricingQuery.Web.Tests.csproj", "{16029B7A-2926-469F-AD34-1A3C71DD9CD9}"
EndProject
Project("{FAE04EC0-301F-11D3-BF4B-00C04F79EFBC}") = "PricingQuery.Domain", "PricingQuery.Domain\PricingQuery.Domain.csproj", "{84FCCD81-C51D-47E0-8021-076EDF09F9FA}"
EndProject
Project("{FAE04EC0-301F-11D3-BF4B-00C04F79EFBC}") = "PricingQuery.Service", "PricingQuery.Service\PricingQuery.Service.csproj", "{627E3FFF-9A9E-4907-B599-E396F820DFCC}"
EndProject
Global
	GlobalSection(SolutionConfigurationPlatforms) = preSolution
		Debug|Any CPU = Debug|Any CPU
		Release|Any CPU = Release|Any CPU
	EndGlobalSection
	GlobalSection(ProjectConfigurationPlatforms) = postSolution
		{F90006A7-6EBC-4DDE-99A8-162D86D06BCF}.Debug|Any CPU.ActiveCfg = Debug|Any CPU
		{F90006A7-6EBC-4DDE-99A8-162D86D06BCF}.Debug|Any CPU.Build.0 = Debug|Any CPU
		{F90006A7-6EBC-4DDE-99A8-162D86D06BCF}.Release|Any CPU.ActiveCfg = Release|Any CPU
		{F90006A7-6EBC-4DDE-99A8-162D86D06BCF}.Release|Any CPU.Build.0 = Release|Any CPU
		{16029B7A-2926-469F-AD34-1A3C71DD9CD9}.Debug|Any CPU.ActiveCfg = Debug|Any CPU
		{16029B7A-2926-469F-AD34-1A3C71DD9CD9}.Debug|Any CPU.Build.0 = Debug|Any CPU
		{16029B7A-2926-469F-AD34-1A3C71DD9CD9}.Release|Any CPU.ActiveCfg = Release|Any CPU
		{16029B7A-2926-469F-AD34-1A3C71DD9CD9}.Release|Any CPU.Build.0 = Release|Any CPU
		{84FCCD81-C51D-47E0-8021-076EDF09F9FA}.Debug|Any CPU.ActiveCfg = Debug|Any CPU
		{84FCCD81-C51D-47E0-8021-076EDF09F9FA}.Debug|Any CPU.Build.0 = Debug|Any CPU
		{84FCCD81-C51D-47E0-8021-076EDF09F9FA}.Release|Any CPU.ActiveCfg = Release|Any CPU
		{84FCCD81-C51D-47E0-8021-076EDF09F9FA}.Release|Any CPU.Build.0 = Release|Any CPU
		{627E3FFF-9A9E-4907-B599-E396F820DFCC}.Debug|Any CPU.ActiveCfg = Debug|Any CPU
		{627E3FFF-9A9E-4907-B599-E396F820DFCC}.Debug|Any CPU.Build.0 = Debug|Any CPU
		{627E3FFF-9A9E-4907-B599-E396F820DFCC}.Release|Any CPU.ActiveCfg = Release|Any CPU
		{627E3FFF-9A9E-4907-B599-E396F820DFCC}.Release|Any CPU.Build.0 = Release|Any CPU
	EndGlobalSection
	GlobalSection(SolutionProperties) = preSolution
		HideSolutionNode = FALSE
	EndGlobalSection
EndGlobal
